// !$*UTF8*$!
{
	archiveVersion = 1;
	classes = {
	};
	objectVersion = 50;
	objects = {

/* Begin PBXBuildFile section */
		4F06507024FB21600075674A /* CameraEntryPrototype.swift in Sources */ = {isa = PBXBuildFile; fileRef = 4F06506F24FB21600075674A /* CameraEntryPrototype.swift */; };
		4F0F10542515986900DEF6F3 /* LogHeaderView.swift in Sources */ = {isa = PBXBuildFile; fileRef = 4F0F10532515986900DEF6F3 /* LogHeaderView.swift */; };
		4F0F105625182D9800DEF6F3 /* Constants.swift in Sources */ = {isa = PBXBuildFile; fileRef = 4F0F105525182D9800DEF6F3 /* Constants.swift */; };
		4F2D3A4724FC746F00A8B4C2 /* NutritionFactsScanner.swift in Sources */ = {isa = PBXBuildFile; fileRef = 4F2D3A4624FC746F00A8B4C2 /* NutritionFactsScanner.swift */; };
		4F6D294B24D9FBC4008CEF08 /* Conversions.swift in Sources */ = {isa = PBXBuildFile; fileRef = 4F6D294A24D9FBC4008CEF08 /* Conversions.swift */; };
		4F6D294D24DA028A008CEF08 /* NutritionalInfo.swift in Sources */ = {isa = PBXBuildFile; fileRef = 4F6D294C24DA028A008CEF08 /* NutritionalInfo.swift */; };
		4F6D295324DF0B67008CEF08 /* AddLogEntryVM.swift in Sources */ = {isa = PBXBuildFile; fileRef = 4F6D295224DF0B67008CEF08 /* AddLogEntryVM.swift */; };
		4F6D295524DF0BC4008CEF08 /* AddLogEntryView.swift in Sources */ = {isa = PBXBuildFile; fileRef = 4F6D295424DF0BC3008CEF08 /* AddLogEntryView.swift */; };
		4F6D295724DF491E008CEF08 /* Extensions.swift in Sources */ = {isa = PBXBuildFile; fileRef = 4F6D295624DF491E008CEF08 /* Extensions.swift */; };
		4F6D295B24DF5900008CEF08 /* LogVM.swift in Sources */ = {isa = PBXBuildFile; fileRef = 4F6D295A24DF5900008CEF08 /* LogVM.swift */; };
		4F6D295E24E072CC008CEF08 /* Checkbox.swift in Sources */ = {isa = PBXBuildFile; fileRef = 4F6D295D24E072CC008CEF08 /* Checkbox.swift */; };
		4F6D296024E19425008CEF08 /* Toast.swift in Sources */ = {isa = PBXBuildFile; fileRef = 4F6D295F24E19425008CEF08 /* Toast.swift */; };
		4F6D296224E1955C008CEF08 /* UIExetnsions.swift in Sources */ = {isa = PBXBuildFile; fileRef = 4F6D296124E1955C008CEF08 /* UIExetnsions.swift */; };
		4F6D296A24E1BB24008CEF08 /* ConversionTests.swift in Sources */ = {isa = PBXBuildFile; fileRef = 4F6D296924E1BB24008CEF08 /* ConversionTests.swift */; };
		4F6D297224E83D4F008CEF08 /* DecimalInput.swift in Sources */ = {isa = PBXBuildFile; fileRef = 4F6D297124E83D4F008CEF08 /* DecimalInput.swift */; };
		4F6D297A24E99453008CEF08 /* ExtensionTests.swift in Sources */ = {isa = PBXBuildFile; fileRef = 4F6D297924E99453008CEF08 /* ExtensionTests.swift */; };
		4F6D298424F87BFB008CEF08 /* MultilineTextField.swift in Sources */ = {isa = PBXBuildFile; fileRef = 4F6D298324F87BFB008CEF08 /* MultilineTextField.swift */; };
		4F6D298824FABB84008CEF08 /* IntegerInput.swift in Sources */ = {isa = PBXBuildFile; fileRef = 4F6D298724FABB84008CEF08 /* IntegerInput.swift */; };
		4F8E688224C90AE800E8810D /* LogView.swift in Sources */ = {isa = PBXBuildFile; fileRef = 4F8E687B24C9086D00E8810D /* LogView.swift */; };
		4F8E688324C90AED00E8810D /* ContentView.swift in Sources */ = {isa = PBXBuildFile; fileRef = 4FFF1BAC24A57A59008672D9 /* ContentView.swift */; };
		4F8E688524C90E3A00E8810D /* DictionaryView.swift in Sources */ = {isa = PBXBuildFile; fileRef = 4F8E688424C90E3A00E8810D /* DictionaryView.swift */; };
		4F8E688724C90E9C00E8810D /* SettingsView.swift in Sources */ = {isa = PBXBuildFile; fileRef = 4F8E688624C90E9C00E8810D /* SettingsView.swift */; };
		4F8E688E24CA6D3D00E8810D /* DictionaryEntry.swift in Sources */ = {isa = PBXBuildFile; fileRef = 4F8E688D24CA6D3D00E8810D /* DictionaryEntry.swift */; };
		4F8E689024CE0C4200E8810D /* DictionaryEntryFullView.swift in Sources */ = {isa = PBXBuildFile; fileRef = 4F8E688F24CE0C4200E8810D /* DictionaryEntryFullView.swift */; };
		4F8E689324CE0F6F00E8810D /* Enums.swift in Sources */ = {isa = PBXBuildFile; fileRef = 4F8E689224CE0F6F00E8810D /* Enums.swift */; };
		4FFF1BA624A57A59008672D9 /* AppDelegate.swift in Sources */ = {isa = PBXBuildFile; fileRef = 4FFF1BA524A57A59008672D9 /* AppDelegate.swift */; };
		4FFF1BA824A57A59008672D9 /* SceneDelegate.swift in Sources */ = {isa = PBXBuildFile; fileRef = 4FFF1BA724A57A59008672D9 /* SceneDelegate.swift */; };
		4FFF1BAB24A57A59008672D9 /* Count.xcdatamodeld in Sources */ = {isa = PBXBuildFile; fileRef = 4FFF1BA924A57A59008672D9 /* Count.xcdatamodeld */; };
		4FFF1BAF24A57A5B008672D9 /* Assets.xcassets in Resources */ = {isa = PBXBuildFile; fileRef = 4FFF1BAE24A57A5B008672D9 /* Assets.xcassets */; };
		4FFF1BB224A57A5B008672D9 /* Preview Assets.xcassets in Resources */ = {isa = PBXBuildFile; fileRef = 4FFF1BB124A57A5B008672D9 /* Preview Assets.xcassets */; };
		4FFF1BB524A57A5B008672D9 /* LaunchScreen.storyboard in Resources */ = {isa = PBXBuildFile; fileRef = 4FFF1BB324A57A5B008672D9 /* LaunchScreen.storyboard */; };
		4FFF1BC124A58B9C008672D9 /* LogEntry.swift in Sources */ = {isa = PBXBuildFile; fileRef = 4FFF1BC024A58B9C008672D9 /* LogEntry.swift */; };
		4FFF1BC324A67EC1008672D9 /* LogEntrySimpleView.swift in Sources */ = {isa = PBXBuildFile; fileRef = 4FFF1BC224A67EC1008672D9 /* LogEntrySimpleView.swift */; };
/* End PBXBuildFile section */

/* Begin PBXContainerItemProxy section */
		4F6D296C24E1BB24008CEF08 /* PBXContainerItemProxy */ = {
			isa = PBXContainerItemProxy;
			containerPortal = 4FFF1B9A24A57A59008672D9 /* Project object */;
			proxyType = 1;
			remoteGlobalIDString = 4FFF1BA124A57A59008672D9;
			remoteInfo = Count;
		};
		4F6D297C24E99453008CEF08 /* PBXContainerItemProxy */ = {
			isa = PBXContainerItemProxy;
			containerPortal = 4FFF1B9A24A57A59008672D9 /* Project object */;
			proxyType = 1;
			remoteGlobalIDString = 4FFF1BA124A57A59008672D9;
			remoteInfo = Count;
		};
/* End PBXContainerItemProxy section */

/* Begin PBXFileReference section */
		4F06506F24FB21600075674A /* CameraEntryPrototype.swift */ = {isa = PBXFileReference; lastKnownFileType = sourcecode.swift; path = CameraEntryPrototype.swift; sourceTree = "<group>"; };
		4F0F10532515986900DEF6F3 /* LogHeaderView.swift */ = {isa = PBXFileReference; lastKnownFileType = sourcecode.swift; path = LogHeaderView.swift; sourceTree = "<group>"; };
		4F0F105525182D9800DEF6F3 /* Constants.swift */ = {isa = PBXFileReference; lastKnownFileType = sourcecode.swift; path = Constants.swift; sourceTree = "<group>"; };
		4F2D3A4624FC746F00A8B4C2 /* NutritionFactsScanner.swift */ = {isa = PBXFileReference; lastKnownFileType = sourcecode.swift; path = NutritionFactsScanner.swift; sourceTree = "<group>"; };
		4F6D294A24D9FBC4008CEF08 /* Conversions.swift */ = {isa = PBXFileReference; lastKnownFileType = sourcecode.swift; path = Conversions.swift; sourceTree = "<group>"; };
		4F6D294C24DA028A008CEF08 /* NutritionalInfo.swift */ = {isa = PBXFileReference; lastKnownFileType = sourcecode.swift; path = NutritionalInfo.swift; sourceTree = "<group>"; };
		4F6D295224DF0B67008CEF08 /* AddLogEntryVM.swift */ = {isa = PBXFileReference; lastKnownFileType = sourcecode.swift; path = AddLogEntryVM.swift; sourceTree = "<group>"; };
		4F6D295424DF0BC3008CEF08 /* AddLogEntryView.swift */ = {isa = PBXFileReference; lastKnownFileType = sourcecode.swift; path = AddLogEntryView.swift; sourceTree = "<group>"; };
		4F6D295624DF491E008CEF08 /* Extensions.swift */ = {isa = PBXFileReference; lastKnownFileType = sourcecode.swift; path = Extensions.swift; sourceTree = "<group>"; };
		4F6D295A24DF5900008CEF08 /* LogVM.swift */ = {isa = PBXFileReference; lastKnownFileType = sourcecode.swift; path = LogVM.swift; sourceTree = "<group>"; };
		4F6D295D24E072CC008CEF08 /* Checkbox.swift */ = {isa = PBXFileReference; lastKnownFileType = sourcecode.swift; path = Checkbox.swift; sourceTree = "<group>"; };
		4F6D295F24E19425008CEF08 /* Toast.swift */ = {isa = PBXFileReference; lastKnownFileType = sourcecode.swift; path = Toast.swift; sourceTree = "<group>"; };
		4F6D296124E1955C008CEF08 /* UIExetnsions.swift */ = {isa = PBXFileReference; lastKnownFileType = sourcecode.swift; path = UIExetnsions.swift; sourceTree = "<group>"; };
		4F6D296724E1BB24008CEF08 /* ConversionTests.xctest */ = {isa = PBXFileReference; explicitFileType = wrapper.cfbundle; includeInIndex = 0; path = ConversionTests.xctest; sourceTree = BUILT_PRODUCTS_DIR; };
		4F6D296924E1BB24008CEF08 /* ConversionTests.swift */ = {isa = PBXFileReference; lastKnownFileType = sourcecode.swift; path = ConversionTests.swift; sourceTree = "<group>"; };
		4F6D296B24E1BB24008CEF08 /* Info.plist */ = {isa = PBXFileReference; lastKnownFileType = text.plist.xml; path = Info.plist; sourceTree = "<group>"; };
		4F6D297124E83D4F008CEF08 /* DecimalInput.swift */ = {isa = PBXFileReference; lastKnownFileType = sourcecode.swift; path = DecimalInput.swift; sourceTree = "<group>"; };
		4F6D297724E99453008CEF08 /* ExtensionTests.xctest */ = {isa = PBXFileReference; explicitFileType = wrapper.cfbundle; includeInIndex = 0; path = ExtensionTests.xctest; sourceTree = BUILT_PRODUCTS_DIR; };
		4F6D297924E99453008CEF08 /* ExtensionTests.swift */ = {isa = PBXFileReference; lastKnownFileType = sourcecode.swift; path = ExtensionTests.swift; sourceTree = "<group>"; };
		4F6D297B24E99453008CEF08 /* Info.plist */ = {isa = PBXFileReference; lastKnownFileType = text.plist.xml; path = Info.plist; sourceTree = "<group>"; };
		4F6D298324F87BFB008CEF08 /* MultilineTextField.swift */ = {isa = PBXFileReference; lastKnownFileType = sourcecode.swift; path = MultilineTextField.swift; sourceTree = "<group>"; };
		4F6D298724FABB84008CEF08 /* IntegerInput.swift */ = {isa = PBXFileReference; lastKnownFileType = sourcecode.swift; path = IntegerInput.swift; sourceTree = "<group>"; };
		4F8E687B24C9086D00E8810D /* LogView.swift */ = {isa = PBXFileReference; lastKnownFileType = sourcecode.swift; path = LogView.swift; sourceTree = "<group>"; };
		4F8E688424C90E3A00E8810D /* DictionaryView.swift */ = {isa = PBXFileReference; lastKnownFileType = sourcecode.swift; path = DictionaryView.swift; sourceTree = "<group>"; };
		4F8E688624C90E9C00E8810D /* SettingsView.swift */ = {isa = PBXFileReference; lastKnownFileType = sourcecode.swift; path = SettingsView.swift; sourceTree = "<group>"; };
		4F8E688D24CA6D3D00E8810D /* DictionaryEntry.swift */ = {isa = PBXFileReference; lastKnownFileType = sourcecode.swift; path = DictionaryEntry.swift; sourceTree = "<group>"; };
		4F8E688F24CE0C4200E8810D /* DictionaryEntryFullView.swift */ = {isa = PBXFileReference; lastKnownFileType = sourcecode.swift; path = DictionaryEntryFullView.swift; sourceTree = "<group>"; };
		4F8E689224CE0F6F00E8810D /* Enums.swift */ = {isa = PBXFileReference; lastKnownFileType = sourcecode.swift; path = Enums.swift; sourceTree = "<group>"; };
		4FFF1BA224A57A59008672D9 /* Count.app */ = {isa = PBXFileReference; explicitFileType = wrapper.application; includeInIndex = 0; path = Count.app; sourceTree = BUILT_PRODUCTS_DIR; };
		4FFF1BA524A57A59008672D9 /* AppDelegate.swift */ = {isa = PBXFileReference; lastKnownFileType = sourcecode.swift; path = AppDelegate.swift; sourceTree = "<group>"; };
		4FFF1BA724A57A59008672D9 /* SceneDelegate.swift */ = {isa = PBXFileReference; lastKnownFileType = sourcecode.swift; path = SceneDelegate.swift; sourceTree = "<group>"; };
		4FFF1BAA24A57A59008672D9 /* Count.xcdatamodel */ = {isa = PBXFileReference; lastKnownFileType = wrapper.xcdatamodel; path = Count.xcdatamodel; sourceTree = "<group>"; };
		4FFF1BAC24A57A59008672D9 /* ContentView.swift */ = {isa = PBXFileReference; lastKnownFileType = sourcecode.swift; path = ContentView.swift; sourceTree = "<group>"; };
		4FFF1BAE24A57A5B008672D9 /* Assets.xcassets */ = {isa = PBXFileReference; lastKnownFileType = folder.assetcatalog; path = Assets.xcassets; sourceTree = "<group>"; };
		4FFF1BB124A57A5B008672D9 /* Preview Assets.xcassets */ = {isa = PBXFileReference; lastKnownFileType = folder.assetcatalog; path = "Preview Assets.xcassets"; sourceTree = "<group>"; };
		4FFF1BB424A57A5B008672D9 /* Base */ = {isa = PBXFileReference; lastKnownFileType = file.storyboard; name = Base; path = Base.lproj/LaunchScreen.storyboard; sourceTree = "<group>"; };
		4FFF1BB624A57A5B008672D9 /* Info.plist */ = {isa = PBXFileReference; lastKnownFileType = text.plist.xml; path = Info.plist; sourceTree = "<group>"; };
		4FFF1BC024A58B9C008672D9 /* LogEntry.swift */ = {isa = PBXFileReference; lastKnownFileType = sourcecode.swift; path = LogEntry.swift; sourceTree = "<group>"; };
		4FFF1BC224A67EC1008672D9 /* LogEntrySimpleView.swift */ = {isa = PBXFileReference; lastKnownFileType = sourcecode.swift; path = LogEntrySimpleView.swift; sourceTree = "<group>"; };
/* End PBXFileReference section */

/* Begin PBXFrameworksBuildPhase section */
		4F6D296424E1BB24008CEF08 /* Frameworks */ = {
			isa = PBXFrameworksBuildPhase;
			buildActionMask = 2147483647;
			files = (
			);
			runOnlyForDeploymentPostprocessing = 0;
		};
		4F6D297424E99453008CEF08 /* Frameworks */ = {
			isa = PBXFrameworksBuildPhase;
			buildActionMask = 2147483647;
			files = (
			);
			runOnlyForDeploymentPostprocessing = 0;
		};
		4FFF1B9F24A57A59008672D9 /* Frameworks */ = {
			isa = PBXFrameworksBuildPhase;
			buildActionMask = 2147483647;
			files = (
			);
			runOnlyForDeploymentPostprocessing = 0;
		};
/* End PBXFrameworksBuildPhase section */

/* Begin PBXGroup section */
		4F2D3A4524FC73DB00A8B4C2 /* LabelScanning */ = {
			isa = PBXGroup;
			children = (
				4F06506F24FB21600075674A /* CameraEntryPrototype.swift */,
				4F2D3A4624FC746F00A8B4C2 /* NutritionFactsScanner.swift */,
			);
			path = LabelScanning;
			sourceTree = "<group>";
		};
		4F45E66E24D23C0E0085A951 /* Common */ = {
			isa = PBXGroup;
			children = (
				4F6D294C24DA028A008CEF08 /* NutritionalInfo.swift */,
				4F6D295624DF491E008CEF08 /* Extensions.swift */,
			);
			path = Common;
			sourceTree = "<group>";
		};
		4F6D295C24E0729A008CEF08 /* CommonUI */ = {
			isa = PBXGroup;
			children = (
				4F6D295D24E072CC008CEF08 /* Checkbox.swift */,
				4F6D295F24E19425008CEF08 /* Toast.swift */,
				4F6D296124E1955C008CEF08 /* UIExetnsions.swift */,
				4F6D297124E83D4F008CEF08 /* DecimalInput.swift */,
				4F6D298324F87BFB008CEF08 /* MultilineTextField.swift */,
				4F6D298724FABB84008CEF08 /* IntegerInput.swift */,
				4F0F105525182D9800DEF6F3 /* Constants.swift */,
			);
			path = CommonUI;
			sourceTree = "<group>";
		};
		4F6D296824E1BB24008CEF08 /* ConversionTests */ = {
			isa = PBXGroup;
			children = (
				4F6D296924E1BB24008CEF08 /* ConversionTests.swift */,
				4F6D296B24E1BB24008CEF08 /* Info.plist */,
			);
			path = ConversionTests;
			sourceTree = "<group>";
		};
		4F6D297824E99453008CEF08 /* ExtensionTests */ = {
			isa = PBXGroup;
			children = (
				4F6D297924E99453008CEF08 /* ExtensionTests.swift */,
				4F6D297B24E99453008CEF08 /* Info.plist */,
			);
			path = ExtensionTests;
			sourceTree = "<group>";
		};
		4F8E688A24CA667200E8810D /* Log */ = {
			isa = PBXGroup;
			children = (
				4FFF1BC224A67EC1008672D9 /* LogEntrySimpleView.swift */,
				4FFF1BC024A58B9C008672D9 /* LogEntry.swift */,
				4F8E687B24C9086D00E8810D /* LogView.swift */,
				4F6D295A24DF5900008CEF08 /* LogVM.swift */,
				4F6D295424DF0BC3008CEF08 /* AddLogEntryView.swift */,
				4F6D295224DF0B67008CEF08 /* AddLogEntryVM.swift */,
				4F0F10532515986900DEF6F3 /* LogHeaderView.swift */,
			);
			path = Log;
			sourceTree = "<group>";
		};
		4F8E688B24CA668B00E8810D /* Dictionary */ = {
			isa = PBXGroup;
			children = (
				4F8E688424C90E3A00E8810D /* DictionaryView.swift */,
				4F8E688D24CA6D3D00E8810D /* DictionaryEntry.swift */,
				4F8E688F24CE0C4200E8810D /* DictionaryEntryFullView.swift */,
			);
			path = Dictionary;
			sourceTree = "<group>";
		};
		4F8E688C24CA669500E8810D /* Settings */ = {
			isa = PBXGroup;
			children = (
				4F8E688624C90E9C00E8810D /* SettingsView.swift */,
			);
			path = Settings;
			sourceTree = "<group>";
		};
		4F8E689124CE0F5000E8810D /* MathLibrary */ = {
			isa = PBXGroup;
			children = (
				4F8E689224CE0F6F00E8810D /* Enums.swift */,
				4F6D294A24D9FBC4008CEF08 /* Conversions.swift */,
			);
			path = MathLibrary;
			sourceTree = "<group>";
		};
		4FFF1B9924A57A59008672D9 = {
			isa = PBXGroup;
			children = (
				4FFF1BA424A57A59008672D9 /* Count */,
				4F6D296824E1BB24008CEF08 /* ConversionTests */,
				4F6D297824E99453008CEF08 /* ExtensionTests */,
				4FFF1BA324A57A59008672D9 /* Products */,
			);
			sourceTree = "<group>";
		};
		4FFF1BA324A57A59008672D9 /* Products */ = {
			isa = PBXGroup;
			children = (
				4FFF1BA224A57A59008672D9 /* Count.app */,
				4F6D296724E1BB24008CEF08 /* ConversionTests.xctest */,
				4F6D297724E99453008CEF08 /* ExtensionTests.xctest */,
			);
			name = Products;
			sourceTree = "<group>";
		};
		4FFF1BA424A57A59008672D9 /* Count */ = {
			isa = PBXGroup;
			children = (
				4F2D3A4524FC73DB00A8B4C2 /* LabelScanning */,
				4F6D295C24E0729A008CEF08 /* CommonUI */,
				4F45E66E24D23C0E0085A951 /* Common */,
				4F8E689124CE0F5000E8810D /* MathLibrary */,
				4FFF1BA524A57A59008672D9 /* AppDelegate.swift */,
				4FFF1BA724A57A59008672D9 /* SceneDelegate.swift */,
				4FFF1BAC24A57A59008672D9 /* ContentView.swift */,
				4FFF1BAE24A57A5B008672D9 /* Assets.xcassets */,
				4FFF1BB324A57A5B008672D9 /* LaunchScreen.storyboard */,
				4FFF1BB624A57A5B008672D9 /* Info.plist */,
				4FFF1BA924A57A59008672D9 /* Count.xcdatamodeld */,
				4FFF1BB024A57A5B008672D9 /* Preview Content */,
				4F8E688A24CA667200E8810D /* Log */,
				4F8E688B24CA668B00E8810D /* Dictionary */,
				4F8E688C24CA669500E8810D /* Settings */,
			);
			path = Count;
			sourceTree = "<group>";
		};
		4FFF1BB024A57A5B008672D9 /* Preview Content */ = {
			isa = PBXGroup;
			children = (
				4FFF1BB124A57A5B008672D9 /* Preview Assets.xcassets */,
			);
			path = "Preview Content";
			sourceTree = "<group>";
		};
/* End PBXGroup section */

/* Begin PBXNativeTarget section */
		4F6D296624E1BB24008CEF08 /* ConversionTests */ = {
			isa = PBXNativeTarget;
			buildConfigurationList = 4F6D296E24E1BB24008CEF08 /* Build configuration list for PBXNativeTarget "ConversionTests" */;
			buildPhases = (
				4F6D296324E1BB24008CEF08 /* Sources */,
				4F6D296424E1BB24008CEF08 /* Frameworks */,
				4F6D296524E1BB24008CEF08 /* Resources */,
			);
			buildRules = (
			);
			dependencies = (
				4F6D296D24E1BB24008CEF08 /* PBXTargetDependency */,
			);
			name = ConversionTests;
			productName = ConversionTests;
			productReference = 4F6D296724E1BB24008CEF08 /* ConversionTests.xctest */;
			productType = "com.apple.product-type.bundle.unit-test";
		};
		4F6D297624E99453008CEF08 /* ExtensionTests */ = {
			isa = PBXNativeTarget;
			buildConfigurationList = 4F6D297E24E99453008CEF08 /* Build configuration list for PBXNativeTarget "ExtensionTests" */;
			buildPhases = (
				4F6D297324E99453008CEF08 /* Sources */,
				4F6D297424E99453008CEF08 /* Frameworks */,
				4F6D297524E99453008CEF08 /* Resources */,
			);
			buildRules = (
			);
			dependencies = (
				4F6D297D24E99453008CEF08 /* PBXTargetDependency */,
			);
			name = ExtensionTests;
			productName = ExtensionTests;
			productReference = 4F6D297724E99453008CEF08 /* ExtensionTests.xctest */;
			productType = "com.apple.product-type.bundle.unit-test";
		};
		4FFF1BA124A57A59008672D9 /* Count */ = {
			isa = PBXNativeTarget;
			buildConfigurationList = 4FFF1BB924A57A5B008672D9 /* Build configuration list for PBXNativeTarget "Count" */;
			buildPhases = (
				4FFF1B9E24A57A59008672D9 /* Sources */,
				4FFF1B9F24A57A59008672D9 /* Frameworks */,
				4FFF1BA024A57A59008672D9 /* Resources */,
			);
			buildRules = (
			);
			dependencies = (
			);
			name = Count;
			productName = Count;
			productReference = 4FFF1BA224A57A59008672D9 /* Count.app */;
			productType = "com.apple.product-type.application";
		};
/* End PBXNativeTarget section */

/* Begin PBXProject section */
		4FFF1B9A24A57A59008672D9 /* Project object */ = {
			isa = PBXProject;
			attributes = {
				LastSwiftUpdateCheck = 1160;
				LastUpgradeCheck = 1150;
				ORGANIZATIONNAME = MichaelPhelan;
				TargetAttributes = {
					4F6D296624E1BB24008CEF08 = {
						CreatedOnToolsVersion = 11.6;
						TestTargetID = 4FFF1BA124A57A59008672D9;
					};
					4F6D297624E99453008CEF08 = {
						CreatedOnToolsVersion = 11.6;
						TestTargetID = 4FFF1BA124A57A59008672D9;
					};
					4FFF1BA124A57A59008672D9 = {
						CreatedOnToolsVersion = 11.5;
					};
				};
			};
			buildConfigurationList = 4FFF1B9D24A57A59008672D9 /* Build configuration list for PBXProject "Count" */;
			compatibilityVersion = "Xcode 9.3";
			developmentRegion = en;
			hasScannedForEncodings = 0;
			knownRegions = (
				en,
				Base,
			);
			mainGroup = 4FFF1B9924A57A59008672D9;
			productRefGroup = 4FFF1BA324A57A59008672D9 /* Products */;
			projectDirPath = "";
			projectRoot = "";
			targets = (
				4FFF1BA124A57A59008672D9 /* Count */,
				4F6D296624E1BB24008CEF08 /* ConversionTests */,
				4F6D297624E99453008CEF08 /* ExtensionTests */,
			);
		};
/* End PBXProject section */

/* Begin PBXResourcesBuildPhase section */
		4F6D296524E1BB24008CEF08 /* Resources */ = {
			isa = PBXResourcesBuildPhase;
			buildActionMask = 2147483647;
			files = (
			);
			runOnlyForDeploymentPostprocessing = 0;
		};
		4F6D297524E99453008CEF08 /* Resources */ = {
			isa = PBXResourcesBuildPhase;
			buildActionMask = 2147483647;
			files = (
			);
			runOnlyForDeploymentPostprocessing = 0;
		};
		4FFF1BA024A57A59008672D9 /* Resources */ = {
			isa = PBXResourcesBuildPhase;
			buildActionMask = 2147483647;
			files = (
				4FFF1BB524A57A5B008672D9 /* LaunchScreen.storyboard in Resources */,
				4FFF1BB224A57A5B008672D9 /* Preview Assets.xcassets in Resources */,
				4FFF1BAF24A57A5B008672D9 /* Assets.xcassets in Resources */,
			);
			runOnlyForDeploymentPostprocessing = 0;
		};
/* End PBXResourcesBuildPhase section */

/* Begin PBXSourcesBuildPhase section */
		4F6D296324E1BB24008CEF08 /* Sources */ = {
			isa = PBXSourcesBuildPhase;
			buildActionMask = 2147483647;
			files = (
				4F6D296A24E1BB24008CEF08 /* ConversionTests.swift in Sources */,
			);
			runOnlyForDeploymentPostprocessing = 0;
		};
		4F6D297324E99453008CEF08 /* Sources */ = {
			isa = PBXSourcesBuildPhase;
			buildActionMask = 2147483647;
			files = (
				4F6D297A24E99453008CEF08 /* ExtensionTests.swift in Sources */,
			);
			runOnlyForDeploymentPostprocessing = 0;
		};
		4FFF1B9E24A57A59008672D9 /* Sources */ = {
			isa = PBXSourcesBuildPhase;
			buildActionMask = 2147483647;
			files = (
				4F8E688524C90E3A00E8810D /* DictionaryView.swift in Sources */,
				4FFF1BA624A57A59008672D9 /* AppDelegate.swift in Sources */,
				4F6D295524DF0BC4008CEF08 /* AddLogEntryView.swift in Sources */,
				4F8E688224C90AE800E8810D /* LogView.swift in Sources */,
				4F6D295E24E072CC008CEF08 /* Checkbox.swift in Sources */,
				4F6D298424F87BFB008CEF08 /* MultilineTextField.swift in Sources */,
				4F8E688724C90E9C00E8810D /* SettingsView.swift in Sources */,
				4F8E688E24CA6D3D00E8810D /* DictionaryEntry.swift in Sources */,
				4F6D294B24D9FBC4008CEF08 /* Conversions.swift in Sources */,
				4F8E688324C90AED00E8810D /* ContentView.swift in Sources */,
				4FFF1BAB24A57A59008672D9 /* Count.xcdatamodeld in Sources */,
				4F0F105625182D9800DEF6F3 /* Constants.swift in Sources */,
				4F0F10542515986900DEF6F3 /* LogHeaderView.swift in Sources */,
				4F2D3A4724FC746F00A8B4C2 /* NutritionFactsScanner.swift in Sources */,
				4F6D295B24DF5900008CEF08 /* LogVM.swift in Sources */,
				4F8E689024CE0C4200E8810D /* DictionaryEntryFullView.swift in Sources */,
				4FFF1BC124A58B9C008672D9 /* LogEntry.swift in Sources */,
				4F6D298824FABB84008CEF08 /* IntegerInput.swift in Sources */,
				4FFF1BC324A67EC1008672D9 /* LogEntrySimpleView.swift in Sources */,
				4F8E689324CE0F6F00E8810D /* Enums.swift in Sources */,
				4F6D295724DF491E008CEF08 /* Extensions.swift in Sources */,
				4FFF1BA824A57A59008672D9 /* SceneDelegate.swift in Sources */,
				4F6D296224E1955C008CEF08 /* UIExetnsions.swift in Sources */,
				4F06507024FB21600075674A /* CameraEntryPrototype.swift in Sources */,
				4F6D294D24DA028A008CEF08 /* NutritionalInfo.swift in Sources */,
				4F6D297224E83D4F008CEF08 /* DecimalInput.swift in Sources */,
				4F6D296024E19425008CEF08 /* Toast.swift in Sources */,
				4F6D295324DF0B67008CEF08 /* AddLogEntryVM.swift in Sources */,
			);
			runOnlyForDeploymentPostprocessing = 0;
		};
/* End PBXSourcesBuildPhase section */

/* Begin PBXTargetDependency section */
		4F6D296D24E1BB24008CEF08 /* PBXTargetDependency */ = {
			isa = PBXTargetDependency;
			target = 4FFF1BA124A57A59008672D9 /* Count */;
			targetProxy = 4F6D296C24E1BB24008CEF08 /* PBXContainerItemProxy */;
		};
		4F6D297D24E99453008CEF08 /* PBXTargetDependency */ = {
			isa = PBXTargetDependency;
			target = 4FFF1BA124A57A59008672D9 /* Count */;
			targetProxy = 4F6D297C24E99453008CEF08 /* PBXContainerItemProxy */;
		};
/* End PBXTargetDependency section */

/* Begin PBXVariantGroup section */
		4FFF1BB324A57A5B008672D9 /* LaunchScreen.storyboard */ = {
			isa = PBXVariantGroup;
			children = (
				4FFF1BB424A57A5B008672D9 /* Base */,
			);
			name = LaunchScreen.storyboard;
			sourceTree = "<group>";
		};
/* End PBXVariantGroup section */

/* Begin XCBuildConfiguration section */
		4F6D296F24E1BB24008CEF08 /* Debug */ = {
			isa = XCBuildConfiguration;
			buildSettings = {
				BUNDLE_LOADER = "$(TEST_HOST)";
				CODE_SIGN_STYLE = Automatic;
				DEVELOPMENT_TEAM = 9997N9GMJS;
				INFOPLIST_FILE = ConversionTests/Info.plist;
				IPHONEOS_DEPLOYMENT_TARGET = 13.6;
				LD_RUNPATH_SEARCH_PATHS = (
					"$(inherited)",
					"@executable_path/Frameworks",
					"@loader_path/Frameworks",
				);
				PRODUCT_BUNDLE_IDENTIFIER = com.MichaelPhelan.ConversionTests;
				PRODUCT_NAME = "$(TARGET_NAME)";
				SWIFT_VERSION = 5.0;
				TARGETED_DEVICE_FAMILY = "1,2";
				TEST_HOST = "$(BUILT_PRODUCTS_DIR)/Count.app/Count";
			};
			name = Debug;
		};
		4F6D297024E1BB24008CEF08 /* Release */ = {
			isa = XCBuildConfiguration;
			buildSettings = {
				BUNDLE_LOADER = "$(TEST_HOST)";
				CODE_SIGN_STYLE = Automatic;
				DEVELOPMENT_TEAM = 9997N9GMJS;
				INFOPLIST_FILE = ConversionTests/Info.plist;
				IPHONEOS_DEPLOYMENT_TARGET = 13.6;
				LD_RUNPATH_SEARCH_PATHS = (
					"$(inherited)",
					"@executable_path/Frameworks",
					"@loader_path/Frameworks",
				);
				PRODUCT_BUNDLE_IDENTIFIER = com.MichaelPhelan.ConversionTests;
				PRODUCT_NAME = "$(TARGET_NAME)";
				SWIFT_VERSION = 5.0;
				TARGETED_DEVICE_FAMILY = "1,2";
				TEST_HOST = "$(BUILT_PRODUCTS_DIR)/Count.app/Count";
			};
			name = Release;
		};
		4F6D297F24E99453008CEF08 /* Debug */ = {
			isa = XCBuildConfiguration;
			buildSettings = {
				BUNDLE_LOADER = "$(TEST_HOST)";
				CODE_SIGN_STYLE = Automatic;
				DEVELOPMENT_TEAM = 9997N9GMJS;
				INFOPLIST_FILE = ExtensionTests/Info.plist;
				IPHONEOS_DEPLOYMENT_TARGET = 13.6;
				LD_RUNPATH_SEARCH_PATHS = (
					"$(inherited)",
					"@executable_path/Frameworks",
					"@loader_path/Frameworks",
				);
				PRODUCT_BUNDLE_IDENTIFIER = com.MichaelPhelan.ExtensionTests;
				PRODUCT_NAME = "$(TARGET_NAME)";
				SWIFT_VERSION = 5.0;
				TARGETED_DEVICE_FAMILY = "1,2";
				TEST_HOST = "$(BUILT_PRODUCTS_DIR)/Count.app/Count";
			};
			name = Debug;
		};
		4F6D298024E99453008CEF08 /* Release */ = {
			isa = XCBuildConfiguration;
			buildSettings = {
				BUNDLE_LOADER = "$(TEST_HOST)";
				CODE_SIGN_STYLE = Automatic;
				DEVELOPMENT_TEAM = 9997N9GMJS;
				INFOPLIST_FILE = ExtensionTests/Info.plist;
				IPHONEOS_DEPLOYMENT_TARGET = 13.6;
				LD_RUNPATH_SEARCH_PATHS = (
					"$(inherited)",
					"@executable_path/Frameworks",
					"@loader_path/Frameworks",
				);
				PRODUCT_BUNDLE_IDENTIFIER = com.MichaelPhelan.ExtensionTests;
				PRODUCT_NAME = "$(TARGET_NAME)";
				SWIFT_VERSION = 5.0;
				TARGETED_DEVICE_FAMILY = "1,2";
				TEST_HOST = "$(BUILT_PRODUCTS_DIR)/Count.app/Count";
			};
			name = Release;
		};
		4FFF1BB724A57A5B008672D9 /* Debug */ = {
			isa = XCBuildConfiguration;
			buildSettings = {
				ALWAYS_SEARCH_USER_PATHS = NO;
				CLANG_ANALYZER_NONNULL = YES;
				CLANG_ANALYZER_NUMBER_OBJECT_CONVERSION = YES_AGGRESSIVE;
				CLANG_CXX_LANGUAGE_STANDARD = "gnu++14";
				CLANG_CXX_LIBRARY = "libc++";
				CLANG_ENABLE_MODULES = YES;
				CLANG_ENABLE_OBJC_ARC = YES;
				CLANG_ENABLE_OBJC_WEAK = YES;
				CLANG_WARN_BLOCK_CAPTURE_AUTORELEASING = YES;
				CLANG_WARN_BOOL_CONVERSION = YES;
				CLANG_WARN_COMMA = YES;
				CLANG_WARN_CONSTANT_CONVERSION = YES;
				CLANG_WARN_DEPRECATED_OBJC_IMPLEMENTATIONS = YES;
				CLANG_WARN_DIRECT_OBJC_ISA_USAGE = YES_ERROR;
				CLANG_WARN_DOCUMENTATION_COMMENTS = YES;
				CLANG_WARN_EMPTY_BODY = YES;
				CLANG_WARN_ENUM_CONVERSION = YES;
				CLANG_WARN_INFINITE_RECURSION = YES;
				CLANG_WARN_INT_CONVERSION = YES;
				CLANG_WARN_NON_LITERAL_NULL_CONVERSION = YES;
				CLANG_WARN_OBJC_IMPLICIT_RETAIN_SELF = YES;
				CLANG_WARN_OBJC_LITERAL_CONVERSION = YES;
				CLANG_WARN_OBJC_ROOT_CLASS = YES_ERROR;
				CLANG_WARN_RANGE_LOOP_ANALYSIS = YES;
				CLANG_WARN_STRICT_PROTOTYPES = YES;
				CLANG_WARN_SUSPICIOUS_MOVE = YES;
				CLANG_WARN_UNGUARDED_AVAILABILITY = YES_AGGRESSIVE;
				CLANG_WARN_UNREACHABLE_CODE = YES;
				CLANG_WARN__DUPLICATE_METHOD_MATCH = YES;
				COPY_PHASE_STRIP = NO;
				DEBUG_INFORMATION_FORMAT = dwarf;
				ENABLE_STRICT_OBJC_MSGSEND = YES;
				ENABLE_TESTABILITY = YES;
				GCC_C_LANGUAGE_STANDARD = gnu11;
				GCC_DYNAMIC_NO_PIC = NO;
				GCC_NO_COMMON_BLOCKS = YES;
				GCC_OPTIMIZATION_LEVEL = 0;
				GCC_PREPROCESSOR_DEFINITIONS = (
					"DEBUG=1",
					"$(inherited)",
				);
				GCC_WARN_64_TO_32_BIT_CONVERSION = YES;
				GCC_WARN_ABOUT_RETURN_TYPE = YES_ERROR;
				GCC_WARN_UNDECLARED_SELECTOR = YES;
				GCC_WARN_UNINITIALIZED_AUTOS = YES_AGGRESSIVE;
				GCC_WARN_UNUSED_FUNCTION = YES;
				GCC_WARN_UNUSED_VARIABLE = YES;
				IPHONEOS_DEPLOYMENT_TARGET = 13.5;
				MTL_ENABLE_DEBUG_INFO = INCLUDE_SOURCE;
				MTL_FAST_MATH = YES;
				ONLY_ACTIVE_ARCH = YES;
				SDKROOT = iphoneos;
				SWIFT_ACTIVE_COMPILATION_CONDITIONS = DEBUG;
				SWIFT_OPTIMIZATION_LEVEL = "-Onone";
			};
			name = Debug;
		};
		4FFF1BB824A57A5B008672D9 /* Release */ = {
			isa = XCBuildConfiguration;
			buildSettings = {
				ALWAYS_SEARCH_USER_PATHS = NO;
				CLANG_ANALYZER_NONNULL = YES;
				CLANG_ANALYZER_NUMBER_OBJECT_CONVERSION = YES_AGGRESSIVE;
				CLANG_CXX_LANGUAGE_STANDARD = "gnu++14";
				CLANG_CXX_LIBRARY = "libc++";
				CLANG_ENABLE_MODULES = YES;
				CLANG_ENABLE_OBJC_ARC = YES;
				CLANG_ENABLE_OBJC_WEAK = YES;
				CLANG_WARN_BLOCK_CAPTURE_AUTORELEASING = YES;
				CLANG_WARN_BOOL_CONVERSION = YES;
				CLANG_WARN_COMMA = YES;
				CLANG_WARN_CONSTANT_CONVERSION = YES;
				CLANG_WARN_DEPRECATED_OBJC_IMPLEMENTATIONS = YES;
				CLANG_WARN_DIRECT_OBJC_ISA_USAGE = YES_ERROR;
				CLANG_WARN_DOCUMENTATION_COMMENTS = YES;
				CLANG_WARN_EMPTY_BODY = YES;
				CLANG_WARN_ENUM_CONVERSION = YES;
				CLANG_WARN_INFINITE_RECURSION = YES;
				CLANG_WARN_INT_CONVERSION = YES;
				CLANG_WARN_NON_LITERAL_NULL_CONVERSION = YES;
				CLANG_WARN_OBJC_IMPLICIT_RETAIN_SELF = YES;
				CLANG_WARN_OBJC_LITERAL_CONVERSION = YES;
				CLANG_WARN_OBJC_ROOT_CLASS = YES_ERROR;
				CLANG_WARN_RANGE_LOOP_ANALYSIS = YES;
				CLANG_WARN_STRICT_PROTOTYPES = YES;
				CLANG_WARN_SUSPICIOUS_MOVE = YES;
				CLANG_WARN_UNGUARDED_AVAILABILITY = YES_AGGRESSIVE;
				CLANG_WARN_UNREACHABLE_CODE = YES;
				CLANG_WARN__DUPLICATE_METHOD_MATCH = YES;
				COPY_PHASE_STRIP = NO;
				DEBUG_INFORMATION_FORMAT = "dwarf-with-dsym";
				ENABLE_NS_ASSERTIONS = NO;
				ENABLE_STRICT_OBJC_MSGSEND = YES;
				GCC_C_LANGUAGE_STANDARD = gnu11;
				GCC_NO_COMMON_BLOCKS = YES;
				GCC_WARN_64_TO_32_BIT_CONVERSION = YES;
				GCC_WARN_ABOUT_RETURN_TYPE = YES_ERROR;
				GCC_WARN_UNDECLARED_SELECTOR = YES;
				GCC_WARN_UNINITIALIZED_AUTOS = YES_AGGRESSIVE;
				GCC_WARN_UNUSED_FUNCTION = YES;
				GCC_WARN_UNUSED_VARIABLE = YES;
				IPHONEOS_DEPLOYMENT_TARGET = 13.5;
				MTL_ENABLE_DEBUG_INFO = NO;
				MTL_FAST_MATH = YES;
				SDKROOT = iphoneos;
				SWIFT_COMPILATION_MODE = wholemodule;
				SWIFT_OPTIMIZATION_LEVEL = "-O";
				VALIDATE_PRODUCT = YES;
			};
			name = Release;
		};
		4FFF1BBA24A57A5B008672D9 /* Debug */ = {
			isa = XCBuildConfiguration;
			buildSettings = {
				ASSETCATALOG_COMPILER_APPICON_NAME = AppIcon;
				CODE_SIGN_STYLE = Automatic;
				DEVELOPMENT_ASSET_PATHS = "\"Count/Preview Content\"";
				DEVELOPMENT_TEAM = 9997N9GMJS;
				ENABLE_PREVIEWS = YES;
				INFOPLIST_FILE = Count/Info.plist;
				LD_RUNPATH_SEARCH_PATHS = (
					"$(inherited)",
					"@executable_path/Frameworks",
				);
				PRODUCT_BUNDLE_IDENTIFIER = com.MichaelPhelan.Count;
				PRODUCT_NAME = "$(TARGET_NAME)";
				SWIFT_VERSION = 5.0;
				TARGETED_DEVICE_FAMILY = "1,2";
			};
			name = Debug;
		};
		4FFF1BBB24A57A5B008672D9 /* Release */ = {
			isa = XCBuildConfiguration;
			buildSettings = {
				ASSETCATALOG_COMPILER_APPICON_NAME = AppIcon;
				CODE_SIGN_STYLE = Automatic;
				DEVELOPMENT_ASSET_PATHS = "\"Count/Preview Content\"";
				DEVELOPMENT_TEAM = 9997N9GMJS;
				ENABLE_PREVIEWS = YES;
				INFOPLIST_FILE = Count/Info.plist;
				LD_RUNPATH_SEARCH_PATHS = (
					"$(inherited)",
					"@executable_path/Frameworks",
				);
				PRODUCT_BUNDLE_IDENTIFIER = com.MichaelPhelan.Count;
				PRODUCT_NAME = "$(TARGET_NAME)";
				SWIFT_VERSION = 5.0;
				TARGETED_DEVICE_FAMILY = "1,2";
			};
			name = Release;
		};
/* End XCBuildConfiguration section */

/* Begin XCConfigurationList section */
		4F6D296E24E1BB24008CEF08 /* Build configuration list for PBXNativeTarget "ConversionTests" */ = {
			isa = XCConfigurationList;
			buildConfigurations = (
				4F6D296F24E1BB24008CEF08 /* Debug */,
				4F6D297024E1BB24008CEF08 /* Release */,
			);
			defaultConfigurationIsVisible = 0;
			defaultConfigurationName = Release;
		};
		4F6D297E24E99453008CEF08 /* Build configuration list for PBXNativeTarget "ExtensionTests" */ = {
			isa = XCConfigurationList;
			buildConfigurations = (
				4F6D297F24E99453008CEF08 /* Debug */,
				4F6D298024E99453008CEF08 /* Release */,
			);
			defaultConfigurationIsVisible = 0;
			defaultConfigurationName = Release;
		};
		4FFF1B9D24A57A59008672D9 /* Build configuration list for PBXProject "Count" */ = {
			isa = XCConfigurationList;
			buildConfigurations = (
				4FFF1BB724A57A5B008672D9 /* Debug */,
				4FFF1BB824A57A5B008672D9 /* Release */,
			);
			defaultConfigurationIsVisible = 0;
			defaultConfigurationName = Release;
		};
		4FFF1BB924A57A5B008672D9 /* Build configuration list for PBXNativeTarget "Count" */ = {
			isa = XCConfigurationList;
			buildConfigurations = (
				4FFF1BBA24A57A5B008672D9 /* Debug */,
				4FFF1BBB24A57A5B008672D9 /* Release */,
			);
			defaultConfigurationIsVisible = 0;
			defaultConfigurationName = Release;
		};
/* End XCConfigurationList section */

/* Begin XCVersionGroup section */
		4FFF1BA924A57A59008672D9 /* Count.xcdatamodeld */ = {
			isa = XCVersionGroup;
			children = (
				4FFF1BAA24A57A59008672D9 /* Count.xcdatamodel */,
			);
			currentVersion = 4FFF1BAA24A57A59008672D9 /* Count.xcdatamodel */;
			path = Count.xcdatamodeld;
			sourceTree = "<group>";
			versionGroupType = wrapper.xcdatamodel;
		};
/* End XCVersionGroup section */
	};
	rootObject = 4FFF1B9A24A57A59008672D9 /* Project object */;
}
