// !$*UTF8*$!
{
	archiveVersion = 1;
	classes = {
	};
	objectVersion = 50;
	objects = {

/* Begin PBXBuildFile section */
		4FFF1BA624A57A59008672D9 /* AppDelegate.swift in Sources */ = {isa = PBXBuildFile; fileRef = 4FFF1BA524A57A59008672D9 /* AppDelegate.swift */; };
		4FFF1BA824A57A59008672D9 /* SceneDelegate.swift in Sources */ = {isa = PBXBuildFile; fileRef = 4FFF1BA724A57A59008672D9 /* SceneDelegate.swift */; };
		4FFF1BAB24A57A59008672D9 /* Count.xcdatamodeld in Sources */ = {isa = PBXBuildFile; fileRef = 4FFF1BA924A57A59008672D9 /* Count.xcdatamodeld */; };
		4FFF1BAD24A57A59008672D9 /* ContentView.swift in Sources */ = {isa = PBXBuildFile; fileRef = 4FFF1BAC24A57A59008672D9 /* ContentView.swift */; };
		4FFF1BAF24A57A5B008672D9 /* Assets.xcassets in Resources */ = {isa = PBXBuildFile; fileRef = 4FFF1BAE24A57A5B008672D9 /* Assets.xcassets */; };
		4FFF1BB224A57A5B008672D9 /* Preview Assets.xcassets in Resources */ = {isa = PBXBuildFile; fileRef = 4FFF1BB124A57A5B008672D9 /* Preview Assets.xcassets */; };
		4FFF1BB524A57A5B008672D9 /* LaunchScreen.storyboard in Resources */ = {isa = PBXBuildFile; fileRef = 4FFF1BB324A57A5B008672D9 /* LaunchScreen.storyboard */; };
		4FFF1BC124A58B9C008672D9 /* LogEntry.swift in Sources */ = {isa = PBXBuildFile; fileRef = 4FFF1BC024A58B9C008672D9 /* LogEntry.swift */; };
		4FFF1BC324A67EC1008672D9 /* LogEntryView.swift in Sources */ = {isa = PBXBuildFile; fileRef = 4FFF1BC224A67EC1008672D9 /* LogEntryView.swift */; };
/* End PBXBuildFile section */

/* Begin PBXFileReference section */
		4FFF1BA224A57A59008672D9 /* Count.app */ = {isa = PBXFileReference; explicitFileType = wrapper.application; includeInIndex = 0; path = Count.app; sourceTree = BUILT_PRODUCTS_DIR; };
		4FFF1BA524A57A59008672D9 /* AppDelegate.swift */ = {isa = PBXFileReference; lastKnownFileType = sourcecode.swift; path = AppDelegate.swift; sourceTree = "<group>"; };
		4FFF1BA724A57A59008672D9 /* SceneDelegate.swift */ = {isa = PBXFileReference; lastKnownFileType = sourcecode.swift; path = SceneDelegate.swift; sourceTree = "<group>"; };
		4FFF1BAA24A57A59008672D9 /* Count.xcdatamodel */ = {isa = PBXFileReference; lastKnownFileType = wrapper.xcdatamodel; path = Count.xcdatamodel; sourceTree = "<group>"; };
		4FFF1BAC24A57A59008672D9 /* ContentView.swift */ = {isa = PBXFileReference; lastKnownFileType = sourcecode.swift; path = ContentView.swift; sourceTree = "<group>"; };
		4FFF1BAE24A57A5B008672D9 /* Assets.xcassets */ = {isa = PBXFileReference; lastKnownFileType = folder.assetcatalog; path = Assets.xcassets; sourceTree = "<group>"; };
		4FFF1BB124A57A5B008672D9 /* Preview Assets.xcassets */ = {isa = PBXFileReference; lastKnownFileType = folder.assetcatalog; path = "Preview Assets.xcassets"; sourceTree = "<group>"; };
		4FFF1BB424A57A5B008672D9 /* Base */ = {isa = PBXFileReference; lastKnownFileType = file.storyboard; name = Base; path = Base.lproj/LaunchScreen.storyboard; sourceTree = "<group>"; };
		4FFF1BB624A57A5B008672D9 /* Info.plist */ = {isa = PBXFileReference; lastKnownFileType = text.plist.xml; path = Info.plist; sourceTree = "<group>"; };
		4FFF1BC024A58B9C008672D9 /* LogEntry.swift */ = {isa = PBXFileReference; lastKnownFileType = sourcecode.swift; path = LogEntry.swift; sourceTree = "<group>"; };
		4FFF1BC224A67EC1008672D9 /* LogEntryView.swift */ = {isa = PBXFileReference; lastKnownFileType = sourcecode.swift; path = LogEntryView.swift; sourceTree = "<group>"; };
/* End PBXFileReference section */

/* Begin PBXFrameworksBuildPhase section */
		4FFF1B9F24A57A59008672D9 /* Frameworks */ = {
			isa = PBXFrameworksBuildPhase;
			buildActionMask = 2147483647;
			files = (
			);
			runOnlyForDeploymentPostprocessing = 0;
		};
/* End PBXFrameworksBuildPhase section */

/* Begin PBXGroup section */
		4FFF1B9924A57A59008672D9 = {
			isa = PBXGroup;
			children = (
				4FFF1BA424A57A59008672D9 /* Count */,
				4FFF1BA324A57A59008672D9 /* Products */,
			);
			sourceTree = "<group>";
		};
		4FFF1BA324A57A59008672D9 /* Products */ = {
			isa = PBXGroup;
			children = (
				4FFF1BA224A57A59008672D9 /* Count.app */,
			);
			name = Products;
			sourceTree = "<group>";
		};
		4FFF1BA424A57A59008672D9 /* Count */ = {
			isa = PBXGroup;
			children = (
				4FFF1BA524A57A59008672D9 /* AppDelegate.swift */,
				4FFF1BA724A57A59008672D9 /* SceneDelegate.swift */,
				4FFF1BAC24A57A59008672D9 /* ContentView.swift */,
				4FFF1BC224A67EC1008672D9 /* LogEntryView.swift */,
				4FFF1BC024A58B9C008672D9 /* LogEntry.swift */,
				4FFF1BAE24A57A5B008672D9 /* Assets.xcassets */,
				4FFF1BB324A57A5B008672D9 /* LaunchScreen.storyboard */,
				4FFF1BB624A57A5B008672D9 /* Info.plist */,
				4FFF1BA924A57A59008672D9 /* Count.xcdatamodeld */,
				4FFF1BB024A57A5B008672D9 /* Preview Content */,
			);
			path = Count;
			sourceTree = "<group>";
		};
		4FFF1BB024A57A5B008672D9 /* Preview Content */ = {
			isa = PBXGroup;
			children = (
				4FFF1BB124A57A5B008672D9 /* Preview Assets.xcassets */,
			);
			path = "Preview Content";
			sourceTree = "<group>";
		};
/* End PBXGroup section */

/* Begin PBXNativeTarget section */
		4FFF1BA124A57A59008672D9 /* Count */ = {
			isa = PBXNativeTarget;
			buildConfigurationList = 4FFF1BB924A57A5B008672D9 /* Build configuration list for PBXNativeTarget "Count" */;
			buildPhases = (
				4FFF1B9E24A57A59008672D9 /* Sources */,
				4FFF1B9F24A57A59008672D9 /* Frameworks */,
				4FFF1BA024A57A59008672D9 /* Resources */,
			);
			buildRules = (
			);
			dependencies = (
			);
			name = Count;
			productName = Count;
			productReference = 4FFF1BA224A57A59008672D9 /* Count.app */;
			productType = "com.apple.product-type.application";
		};
/* End PBXNativeTarget section */

/* Begin PBXProject section */
		4FFF1B9A24A57A59008672D9 /* Project object */ = {
			isa = PBXProject;
			attributes = {
				LastSwiftUpdateCheck = 1150;
				LastUpgradeCheck = 1150;
				ORGANIZATIONNAME = MichaelPhelan;
				TargetAttributes = {
					4FFF1BA124A57A59008672D9 = {
						CreatedOnToolsVersion = 11.5;
					};
				};
			};
			buildConfigurationList = 4FFF1B9D24A57A59008672D9 /* Build configuration list for PBXProject "Count" */;
			compatibilityVersion = "Xcode 9.3";
			developmentRegion = en;
			hasScannedForEncodings = 0;
			knownRegions = (
				en,
				Base,
			);
			mainGroup = 4FFF1B9924A57A59008672D9;
			productRefGroup = 4FFF1BA324A57A59008672D9 /* Products */;
			projectDirPath = "";
			projectRoot = "";
			targets = (
				4FFF1BA124A57A59008672D9 /* Count */,
			);
		};
/* End PBXProject section */

/* Begin PBXResourcesBuildPhase section */
		4FFF1BA024A57A59008672D9 /* Resources */ = {
			isa = PBXResourcesBuildPhase;
			buildActionMask = 2147483647;
			files = (
				4FFF1BB524A57A5B008672D9 /* LaunchScreen.storyboard in Resources */,
				4FFF1BB224A57A5B008672D9 /* Preview Assets.xcassets in Resources */,
				4FFF1BAF24A57A5B008672D9 /* Assets.xcassets in Resources */,
			);
			runOnlyForDeploymentPostprocessing = 0;
		};
/* End PBXResourcesBuildPhase section */

/* Begin PBXSourcesBuildPhase section */
		4FFF1B9E24A57A59008672D9 /* Sources */ = {
			isa = PBXSourcesBuildPhase;
			buildActionMask = 2147483647;
			files = (
				4FFF1BA624A57A59008672D9 /* AppDelegate.swift in Sources */,
				4FFF1BAB24A57A59008672D9 /* Count.xcdatamodeld in Sources */,
				4FFF1BC124A58B9C008672D9 /* LogEntry.swift in Sources */,
				4FFF1BAD24A57A59008672D9 /* ContentView.swift in Sources */,
				4FFF1BC324A67EC1008672D9 /* LogEntryView.swift in Sources */,
				4FFF1BA824A57A59008672D9 /* SceneDelegate.swift in Sources */,
			);
			runOnlyForDeploymentPostprocessing = 0;
		};
/* End PBXSourcesBuildPhase section */

/* Begin PBXVariantGroup section */
		4FFF1BB324A57A5B008672D9 /* LaunchScreen.storyboard */ = {
			isa = PBXVariantGroup;
			children = (
				4FFF1BB424A57A5B008672D9 /* Base */,
			);
			name = LaunchScreen.storyboard;
			sourceTree = "<group>";
		};
/* End PBXVariantGroup section */

/* Begin XCBuildConfiguration section */
		4FFF1BB724A57A5B008672D9 /* Debug */ = {
			isa = XCBuildConfiguration;
			buildSettings = {
				ALWAYS_SEARCH_USER_PATHS = NO;
				CLANG_ANALYZER_NONNULL = YES;
				CLANG_ANALYZER_NUMBER_OBJECT_CONVERSION = YES_AGGRESSIVE;
				CLANG_CXX_LANGUAGE_STANDARD = "gnu++14";
				CLANG_CXX_LIBRARY = "libc++";
				CLANG_ENABLE_MODULES = YES;
				CLANG_ENABLE_OBJC_ARC = YES;
				CLANG_ENABLE_OBJC_WEAK = YES;
				CLANG_WARN_BLOCK_CAPTURE_AUTORELEASING = YES;
				CLANG_WARN_BOOL_CONVERSION = YES;
				CLANG_WARN_COMMA = YES;
				CLANG_WARN_CONSTANT_CONVERSION = YES;
				CLANG_WARN_DEPRECATED_OBJC_IMPLEMENTATIONS = YES;
				CLANG_WARN_DIRECT_OBJC_ISA_USAGE = YES_ERROR;
				CLANG_WARN_DOCUMENTATION_COMMENTS = YES;
				CLANG_WARN_EMPTY_BODY = YES;
				CLANG_WARN_ENUM_CONVERSION = YES;
				CLANG_WARN_INFINITE_RECURSION = YES;
				CLANG_WARN_INT_CONVERSION = YES;
				CLANG_WARN_NON_LITERAL_NULL_CONVERSION = YES;
				CLANG_WARN_OBJC_IMPLICIT_RETAIN_SELF = YES;
				CLANG_WARN_OBJC_LITERAL_CONVERSION = YES;
				CLANG_WARN_OBJC_ROOT_CLASS = YES_ERROR;
				CLANG_WARN_RANGE_LOOP_ANALYSIS = YES;
				CLANG_WARN_STRICT_PROTOTYPES = YES;
				CLANG_WARN_SUSPICIOUS_MOVE = YES;
				CLANG_WARN_UNGUARDED_AVAILABILITY = YES_AGGRESSIVE;
				CLANG_WARN_UNREACHABLE_CODE = YES;
				CLANG_WARN__DUPLICATE_METHOD_MATCH = YES;
				COPY_PHASE_STRIP = NO;
				DEBUG_INFORMATION_FORMAT = dwarf;
				ENABLE_STRICT_OBJC_MSGSEND = YES;
				ENABLE_TESTABILITY = YES;
				GCC_C_LANGUAGE_STANDARD = gnu11;
				GCC_DYNAMIC_NO_PIC = NO;
				GCC_NO_COMMON_BLOCKS = YES;
				GCC_OPTIMIZATION_LEVEL = 0;
				GCC_PREPROCESSOR_DEFINITIONS = (
					"DEBUG=1",
					"$(inherited)",
				);
				GCC_WARN_64_TO_32_BIT_CONVERSION = YES;
				GCC_WARN_ABOUT_RETURN_TYPE = YES_ERROR;
				GCC_WARN_UNDECLARED_SELECTOR = YES;
				GCC_WARN_UNINITIALIZED_AUTOS = YES_AGGRESSIVE;
				GCC_WARN_UNUSED_FUNCTION = YES;
				GCC_WARN_UNUSED_VARIABLE = YES;
				IPHONEOS_DEPLOYMENT_TARGET = 13.5;
				MTL_ENABLE_DEBUG_INFO = INCLUDE_SOURCE;
				MTL_FAST_MATH = YES;
				ONLY_ACTIVE_ARCH = YES;
				SDKROOT = iphoneos;
				SWIFT_ACTIVE_COMPILATION_CONDITIONS = DEBUG;
				SWIFT_OPTIMIZATION_LEVEL = "-Onone";
			};
			name = Debug;
		};
		4FFF1BB824A57A5B008672D9 /* Release */ = {
			isa = XCBuildConfiguration;
			buildSettings = {
				ALWAYS_SEARCH_USER_PATHS = NO;
				CLANG_ANALYZER_NONNULL = YES;
				CLANG_ANALYZER_NUMBER_OBJECT_CONVERSION = YES_AGGRESSIVE;
				CLANG_CXX_LANGUAGE_STANDARD = "gnu++14";
				CLANG_CXX_LIBRARY = "libc++";
				CLANG_ENABLE_MODULES = YES;
				CLANG_ENABLE_OBJC_ARC = YES;
				CLANG_ENABLE_OBJC_WEAK = YES;
				CLANG_WARN_BLOCK_CAPTURE_AUTORELEASING = YES;
				CLANG_WARN_BOOL_CONVERSION = YES;
				CLANG_WARN_COMMA = YES;
				CLANG_WARN_CONSTANT_CONVERSION = YES;
				CLANG_WARN_DEPRECATED_OBJC_IMPLEMENTATIONS = YES;
				CLANG_WARN_DIRECT_OBJC_ISA_USAGE = YES_ERROR;
				CLANG_WARN_DOCUMENTATION_COMMENTS = YES;
				CLANG_WARN_EMPTY_BODY = YES;
				CLANG_WARN_ENUM_CONVERSION = YES;
				CLANG_WARN_INFINITE_RECURSION = YES;
				CLANG_WARN_INT_CONVERSION = YES;
				CLANG_WARN_NON_LITERAL_NULL_CONVERSION = YES;
				CLANG_WARN_OBJC_IMPLICIT_RETAIN_SELF = YES;
				CLANG_WARN_OBJC_LITERAL_CONVERSION = YES;
				CLANG_WARN_OBJC_ROOT_CLASS = YES_ERROR;
				CLANG_WARN_RANGE_LOOP_ANALYSIS = YES;
				CLANG_WARN_STRICT_PROTOTYPES = YES;
				CLANG_WARN_SUSPICIOUS_MOVE = YES;
				CLANG_WARN_UNGUARDED_AVAILABILITY = YES_AGGRESSIVE;
				CLANG_WARN_UNREACHABLE_CODE = YES;
				CLANG_WARN__DUPLICATE_METHOD_MATCH = YES;
				COPY_PHASE_STRIP = NO;
				DEBUG_INFORMATION_FORMAT = "dwarf-with-dsym";
				ENABLE_NS_ASSERTIONS = NO;
				ENABLE_STRICT_OBJC_MSGSEND = YES;
				GCC_C_LANGUAGE_STANDARD = gnu11;
				GCC_NO_COMMON_BLOCKS = YES;
				GCC_WARN_64_TO_32_BIT_CONVERSION = YES;
				GCC_WARN_ABOUT_RETURN_TYPE = YES_ERROR;
				GCC_WARN_UNDECLARED_SELECTOR = YES;
				GCC_WARN_UNINITIALIZED_AUTOS = YES_AGGRESSIVE;
				GCC_WARN_UNUSED_FUNCTION = YES;
				GCC_WARN_UNUSED_VARIABLE = YES;
				IPHONEOS_DEPLOYMENT_TARGET = 13.5;
				MTL_ENABLE_DEBUG_INFO = NO;
				MTL_FAST_MATH = YES;
				SDKROOT = iphoneos;
				SWIFT_COMPILATION_MODE = wholemodule;
				SWIFT_OPTIMIZATION_LEVEL = "-O";
				VALIDATE_PRODUCT = YES;
			};
			name = Release;
		};
		4FFF1BBA24A57A5B008672D9 /* Debug */ = {
			isa = XCBuildConfiguration;
			buildSettings = {
				ASSETCATALOG_COMPILER_APPICON_NAME = AppIcon;
				CODE_SIGN_STYLE = Automatic;
				DEVELOPMENT_ASSET_PATHS = "\"Count/Preview Content\"";
				ENABLE_PREVIEWS = YES;
				INFOPLIST_FILE = Count/Info.plist;
				LD_RUNPATH_SEARCH_PATHS = (
					"$(inherited)",
					"@executable_path/Frameworks",
				);
				PRODUCT_BUNDLE_IDENTIFIER = com.MichaelPhelan.Count;
				PRODUCT_NAME = "$(TARGET_NAME)";
				SWIFT_VERSION = 5.0;
				TARGETED_DEVICE_FAMILY = "1,2";
			};
			name = Debug;
		};
		4FFF1BBB24A57A5B008672D9 /* Release */ = {
			isa = XCBuildConfiguration;
			buildSettings = {
				ASSETCATALOG_COMPILER_APPICON_NAME = AppIcon;
				CODE_SIGN_STYLE = Automatic;
				DEVELOPMENT_ASSET_PATHS = "\"Count/Preview Content\"";
				ENABLE_PREVIEWS = YES;
				INFOPLIST_FILE = Count/Info.plist;
				LD_RUNPATH_SEARCH_PATHS = (
					"$(inherited)",
					"@executable_path/Frameworks",
				);
				PRODUCT_BUNDLE_IDENTIFIER = com.MichaelPhelan.Count;
				PRODUCT_NAME = "$(TARGET_NAME)";
				SWIFT_VERSION = 5.0;
				TARGETED_DEVICE_FAMILY = "1,2";
			};
			name = Release;
		};
/* End XCBuildConfiguration section */

/* Begin XCConfigurationList section */
		4FFF1B9D24A57A59008672D9 /* Build configuration list for PBXProject "Count" */ = {
			isa = XCConfigurationList;
			buildConfigurations = (
				4FFF1BB724A57A5B008672D9 /* Debug */,
				4FFF1BB824A57A5B008672D9 /* Release */,
			);
			defaultConfigurationIsVisible = 0;
			defaultConfigurationName = Release;
		};
		4FFF1BB924A57A5B008672D9 /* Build configuration list for PBXNativeTarget "Count" */ = {
			isa = XCConfigurationList;
			buildConfigurations = (
				4FFF1BBA24A57A5B008672D9 /* Debug */,
				4FFF1BBB24A57A5B008672D9 /* Release */,
			);
			defaultConfigurationIsVisible = 0;
			defaultConfigurationName = Release;
		};
/* End XCConfigurationList section */

/* Begin XCVersionGroup section */
		4FFF1BA924A57A59008672D9 /* Count.xcdatamodeld */ = {
			isa = XCVersionGroup;
			children = (
				4FFF1BAA24A57A59008672D9 /* Count.xcdatamodel */,
			);
			currentVersion = 4FFF1BAA24A57A59008672D9 /* Count.xcdatamodel */;
			path = Count.xcdatamodeld;
			sourceTree = "<group>";
			versionGroupType = wrapper.xcdatamodel;
		};
/* End XCVersionGroup section */
	};
	rootObject = 4FFF1B9A24A57A59008672D9 /* Project object */;
}
